
Microsoft Visual Studio Solution File, Format Version 12.00
# Visual Studio Version 17
VisualStudioVersion = 17.5.33627.172
MinimumVisualStudioVersion = 10.0.40219.1
Project("{FAE04EC0-301F-11D3-BF4B-00C04F79EFBC}") = "315 proj sol1", "315 proj sol1\315 proj sol1.csproj", "{990813AF-9ED3-4033-A527-EF6615AF89BE}"
EndProject
Global
	GlobalSection(SolutionConfigurationPlatforms) = preSolution
		Debug|Any CPU = Debug|Any CPU
		Release|Any CPU = Release|Any CPU
	EndGlobalSection
	GlobalSection(ProjectConfigurationPlatforms) = postSolution
		{990813AF-9ED3-4033-A527-EF6615AF89BE}.Debug|Any CPU.ActiveCfg = Debug|Any CPU
		{990813AF-9ED3-4033-A527-EF6615AF89BE}.Debug|Any CPU.Build.0 = Debug|Any CPU
		{990813AF-9ED3-4033-A527-EF6615AF89BE}.Release|Any CPU.ActiveCfg = Release|Any CPU
		{990813AF-9ED3-4033-A527-EF6615AF89BE}.Release|Any CPU.Build.0 = Release|Any CPU
	EndGlobalSection
	GlobalSection(SolutionProperties) = preSolution
		HideSolutionNode = FALSE
	EndGlobalSection
	GlobalSection(ExtensibilityGlobals) = postSolution
		SolutionGuid = {2D54BBE0-F4E1-4BB7-B286-167D195D68F8}
	EndGlobalSection
EndGlobal
